
Microsoft Visual Studio Solution File, Format Version 12.00
# Visual Studio Version 17
VisualStudioVersion = 17.4.33205.214
MinimumVisualStudioVersion = 10.0.40219.1
Project("{FAE04EC0-301F-11D3-BF4B-00C04F79EFBC}") = "DKR-7", "DKR-7\DKR-7.csproj", "{A8A47223-3CF3-4FA9-A0E3-13BDDBE07825}"
EndProject
Global
	GlobalSection(SolutionConfigurationPlatforms) = preSolution
		Debug|Any CPU = Debug|Any CPU
		Release|Any CPU = Release|Any CPU
	EndGlobalSection
	GlobalSection(ProjectConfigurationPlatforms) = postSolution
		{A8A47223-3CF3-4FA9-A0E3-13BDDBE07825}.Debug|Any CPU.ActiveCfg = Debug|Any CPU
		{A8A47223-3CF3-4FA9-A0E3-13BDDBE07825}.Debug|Any CPU.Build.0 = Debug|Any CPU
		{A8A47223-3CF3-4FA9-A0E3-13BDDBE07825}.Release|Any CPU.ActiveCfg = Release|Any CPU
		{A8A47223-3CF3-4FA9-A0E3-13BDDBE07825}.Release|Any CPU.Build.0 = Release|Any CPU
	EndGlobalSection
	GlobalSection(SolutionProperties) = preSolution
		HideSolutionNode = FALSE
	EndGlobalSection
	GlobalSection(ExtensibilityGlobals) = postSolution
		SolutionGuid = {B049B35A-80A1-4205-AA88-3F2D20D4A52C}
	EndGlobalSection
EndGlobal
